// !$*UTF8*$!
{
	archiveVersion = 1;
	classes = {
	};
	objectVersion = 50;
	objects = {

/* Begin PBXBuildFile section */
		044F9AE026D723AA00CE0355 /* AppDelegate.swift in Sources */ = {isa = PBXBuildFile; fileRef = 044F9ADF26D723AA00CE0355 /* AppDelegate.swift */; };
		044F9AE426D723AA00CE0355 /* ViewController.swift in Sources */ = {isa = PBXBuildFile; fileRef = 044F9AE326D723AA00CE0355 /* ViewController.swift */; };
		044F9AE726D723AA00CE0355 /* Main.storyboard in Resources */ = {isa = PBXBuildFile; fileRef = 044F9AE526D723AA00CE0355 /* Main.storyboard */; };
		044F9AE926D723AD00CE0355 /* Assets.xcassets in Resources */ = {isa = PBXBuildFile; fileRef = 044F9AE826D723AD00CE0355 /* Assets.xcassets */; };
		044F9AEC26D723AD00CE0355 /* LaunchScreen.storyboard in Resources */ = {isa = PBXBuildFile; fileRef = 044F9AEA26D723AD00CE0355 /* LaunchScreen.storyboard */; };
		4E19AEDB17B00A174E080D0D /* Pods_FirstExample.framework in Frameworks */ = {isa = PBXBuildFile; fileRef = CDAA184216415E02B3BE6791 /* Pods_FirstExample.framework */; };
/* End PBXBuildFile section */

/* Begin PBXFileReference section */
		044F9ADC26D723AA00CE0355 /* FirstExample.app */ = {isa = PBXFileReference; explicitFileType = wrapper.application; includeInIndex = 0; path = FirstExample.app; sourceTree = BUILT_PRODUCTS_DIR; };
		044F9ADF26D723AA00CE0355 /* AppDelegate.swift */ = {isa = PBXFileReference; lastKnownFileType = sourcecode.swift; path = AppDelegate.swift; sourceTree = "<group>"; };
		044F9AE326D723AA00CE0355 /* ViewController.swift */ = {isa = PBXFileReference; lastKnownFileType = sourcecode.swift; path = ViewController.swift; sourceTree = "<group>"; };
		044F9AE626D723AA00CE0355 /* Base */ = {isa = PBXFileReference; lastKnownFileType = file.storyboard; name = Base; path = Base.lproj/Main.storyboard; sourceTree = "<group>"; };
		044F9AE826D723AD00CE0355 /* Assets.xcassets */ = {isa = PBXFileReference; lastKnownFileType = folder.assetcatalog; path = Assets.xcassets; sourceTree = "<group>"; };
		044F9AEB26D723AD00CE0355 /* Base */ = {isa = PBXFileReference; lastKnownFileType = file.storyboard; name = Base; path = Base.lproj/LaunchScreen.storyboard; sourceTree = "<group>"; };
		044F9AED26D723AD00CE0355 /* Info.plist */ = {isa = PBXFileReference; lastKnownFileType = text.plist.xml; path = Info.plist; sourceTree = "<group>"; };
		52B30D74DFE430600A0A623E /* Pods-FirstExample.debug.xcconfig */ = {isa = PBXFileReference; includeInIndex = 1; lastKnownFileType = text.xcconfig; name = "Pods-FirstExample.debug.xcconfig"; path = "Target Support Files/Pods-FirstExample/Pods-FirstExample.debug.xcconfig"; sourceTree = "<group>"; };
		62ABEA3ADA0BE600B98E4894 /* Pods-FirstExample.release.xcconfig */ = {isa = PBXFileReference; includeInIndex = 1; lastKnownFileType = text.xcconfig; name = "Pods-FirstExample.release.xcconfig"; path = "Target Support Files/Pods-FirstExample/Pods-FirstExample.release.xcconfig"; sourceTree = "<group>"; };
		CDAA184216415E02B3BE6791 /* Pods_FirstExample.framework */ = {isa = PBXFileReference; explicitFileType = wrapper.framework; includeInIndex = 0; path = Pods_FirstExample.framework; sourceTree = BUILT_PRODUCTS_DIR; };
/* End PBXFileReference section */

/* Begin PBXFrameworksBuildPhase section */
		044F9AD926D723AA00CE0355 /* Frameworks */ = {
			isa = PBXFrameworksBuildPhase;
			buildActionMask = 2147483647;
			files = (
				4E19AEDB17B00A174E080D0D /* Pods_FirstExample.framework in Frameworks */,
			);
			runOnlyForDeploymentPostprocessing = 0;
		};
/* End PBXFrameworksBuildPhase section */

/* Begin PBXGroup section */
		044F9AD326D723AA00CE0355 = {
			isa = PBXGroup;
			children = (
				044F9ADE26D723AA00CE0355 /* FirstExample */,
				044F9ADD26D723AA00CE0355 /* Products */,
				6B63B485682947B2A0CD4970 /* Pods */,
				5F6120D0BBE6F2E99ECD3285 /* Frameworks */,
			);
			sourceTree = "<group>";
		};
		044F9ADD26D723AA00CE0355 /* Products */ = {
			isa = PBXGroup;
			children = (
				044F9ADC26D723AA00CE0355 /* FirstExample.app */,
			);
			name = Products;
			sourceTree = "<group>";
		};
		044F9ADE26D723AA00CE0355 /* FirstExample */ = {
			isa = PBXGroup;
			children = (
				044F9ADF26D723AA00CE0355 /* AppDelegate.swift */,
				044F9AE326D723AA00CE0355 /* ViewController.swift */,
				044F9AE526D723AA00CE0355 /* Main.storyboard */,
				044F9AE826D723AD00CE0355 /* Assets.xcassets */,
				044F9AEA26D723AD00CE0355 /* LaunchScreen.storyboard */,
				044F9AED26D723AD00CE0355 /* Info.plist */,
			);
			path = FirstExample;
			sourceTree = "<group>";
		};
		5F6120D0BBE6F2E99ECD3285 /* Frameworks */ = {
			isa = PBXGroup;
			children = (
				CDAA184216415E02B3BE6791 /* Pods_FirstExample.framework */,
			);
			name = Frameworks;
			sourceTree = "<group>";
		};
		6B63B485682947B2A0CD4970 /* Pods */ = {
			isa = PBXGroup;
			children = (
				52B30D74DFE430600A0A623E /* Pods-FirstExample.debug.xcconfig */,
				62ABEA3ADA0BE600B98E4894 /* Pods-FirstExample.release.xcconfig */,
			);
			name = Pods;
			path = Pods;
			sourceTree = "<group>";
		};
/* End PBXGroup section */

/* Begin PBXNativeTarget section */
		044F9ADB26D723AA00CE0355 /* FirstExample */ = {
			isa = PBXNativeTarget;
			buildConfigurationList = 044F9AF026D723AD00CE0355 /* Build configuration list for PBXNativeTarget "FirstExample" */;
			buildPhases = (
				2A18ED20CA3CE7B4013C5ED7 /* [CP] Check Pods Manifest.lock */,
				044F9AD826D723AA00CE0355 /* Sources */,
				044F9AD926D723AA00CE0355 /* Frameworks */,
				044F9ADA26D723AA00CE0355 /* Resources */,
			);
			buildRules = (
			);
			dependencies = (
			);
			name = FirstExample;
			productName = FirstExample;
			productReference = 044F9ADC26D723AA00CE0355 /* FirstExample.app */;
			productType = "com.apple.product-type.application";
		};
/* End PBXNativeTarget section */

/* Begin PBXProject section */
		044F9AD426D723AA00CE0355 /* Project object */ = {
			isa = PBXProject;
			attributes = {
				LastSwiftUpdateCheck = 1250;
				LastUpgradeCheck = 1250;
				TargetAttributes = {
					044F9ADB26D723AA00CE0355 = {
						CreatedOnToolsVersion = 12.5;
					};
				};
			};
			buildConfigurationList = 044F9AD726D723AA00CE0355 /* Build configuration list for PBXProject "FirstExample" */;
			compatibilityVersion = "Xcode 9.3";
			developmentRegion = en;
			hasScannedForEncodings = 0;
			knownRegions = (
				en,
				Base,
			);
			mainGroup = 044F9AD326D723AA00CE0355;
			productRefGroup = 044F9ADD26D723AA00CE0355 /* Products */;
			projectDirPath = "";
			projectRoot = "";
			targets = (
				044F9ADB26D723AA00CE0355 /* FirstExample */,
			);
		};
/* End PBXProject section */

/* Begin PBXResourcesBuildPhase section */
		044F9ADA26D723AA00CE0355 /* Resources */ = {
			isa = PBXResourcesBuildPhase;
			buildActionMask = 2147483647;
			files = (
				044F9AEC26D723AD00CE0355 /* LaunchScreen.storyboard in Resources */,
				044F9AE926D723AD00CE0355 /* Assets.xcassets in Resources */,
				044F9AE726D723AA00CE0355 /* Main.storyboard in Resources */,
			);
			runOnlyForDeploymentPostprocessing = 0;
		};
/* End PBXResourcesBuildPhase section */

/* Begin PBXShellScriptBuildPhase section */
		2A18ED20CA3CE7B4013C5ED7 /* [CP] Check Pods Manifest.lock */ = {
			isa = PBXShellScriptBuildPhase;
			buildActionMask = 2147483647;
			files = (
			);
			inputFileListPaths = (
			);
			inputPaths = (
				"${PODS_PODFILE_DIR_PATH}/Podfile.lock",
				"${PODS_ROOT}/Manifest.lock",
			);
			name = "[CP] Check Pods Manifest.lock";
			outputFileListPaths = (
			);
			outputPaths = (
				"$(DERIVED_FILE_DIR)/Pods-FirstExample-checkManifestLockResult.txt",
			);
			runOnlyForDeploymentPostprocessing = 0;
			shellPath = /bin/sh;
			shellScript = "diff \"${PODS_PODFILE_DIR_PATH}/Podfile.lock\" \"${PODS_ROOT}/Manifest.lock\" > /dev/null\nif [ $? != 0 ] ; then\n    # print error to STDERR\n    echo \"error: The sandbox is not in sync with the Podfile.lock. Run 'pod install' or update your CocoaPods installation.\" >&2\n    exit 1\nfi\n# This output is used by Xcode 'outputs' to avoid re-running this script phase.\necho \"SUCCESS\" > \"${SCRIPT_OUTPUT_FILE_0}\"\n";
			showEnvVarsInLog = 0;
		};
/* End PBXShellScriptBuildPhase section */

/* Begin PBXSourcesBuildPhase section */
		044F9AD826D723AA00CE0355 /* Sources */ = {
			isa = PBXSourcesBuildPhase;
			buildActionMask = 2147483647;
			files = (
				044F9AE426D723AA00CE0355 /* ViewController.swift in Sources */,
				044F9AE026D723AA00CE0355 /* AppDelegate.swift in Sources */,
			);
			runOnlyForDeploymentPostprocessing = 0;
		};
/* End PBXSourcesBuildPhase section */

/* Begin PBXVariantGroup section */
		044F9AE526D723AA00CE0355 /* Main.storyboard */ = {
			isa = PBXVariantGroup;
			children = (
				044F9AE626D723AA00CE0355 /* Base */,
			);
			name = Main.storyboard;
			sourceTree = "<group>";
		};
		044F9AEA26D723AD00CE0355 /* LaunchScreen.storyboard */ = {
			isa = PBXVariantGroup;
			children = (
				044F9AEB26D723AD00CE0355 /* Base */,
			);
			name = LaunchScreen.storyboard;
			sourceTree = "<group>";
		};
/* End PBXVariantGroup section */

/* Begin XCBuildConfiguration section */
		044F9AEE26D723AD00CE0355 /* Debug */ = {
			isa = XCBuildConfiguration;
			buildSettings = {
				ALWAYS_SEARCH_USER_PATHS = NO;
				CLANG_ANALYZER_NONNULL = YES;
				CLANG_ANALYZER_NUMBER_OBJECT_CONVERSION = YES_AGGRESSIVE;
				CLANG_CXX_LANGUAGE_STANDARD = "gnu++14";
				CLANG_CXX_LIBRARY = "libc++";
				CLANG_ENABLE_MODULES = YES;
				CLANG_ENABLE_OBJC_ARC = YES;
				CLANG_ENABLE_OBJC_WEAK = YES;
				CLANG_WARN_BLOCK_CAPTURE_AUTORELEASING = YES;
				CLANG_WARN_BOOL_CONVERSION = YES;
				CLANG_WARN_COMMA = YES;
				CLANG_WARN_CONSTANT_CONVERSION = YES;
				CLANG_WARN_DEPRECATED_OBJC_IMPLEMENTATIONS = YES;
				CLANG_WARN_DIRECT_OBJC_ISA_USAGE = YES_ERROR;
				CLANG_WARN_DOCUMENTATION_COMMENTS = YES;
				CLANG_WARN_EMPTY_BODY = YES;
				CLANG_WARN_ENUM_CONVERSION = YES;
				CLANG_WARN_INFINITE_RECURSION = YES;
				CLANG_WARN_INT_CONVERSION = YES;
				CLANG_WARN_NON_LITERAL_NULL_CONVERSION = YES;
				CLANG_WARN_OBJC_IMPLICIT_RETAIN_SELF = YES;
				CLANG_WARN_OBJC_LITERAL_CONVERSION = YES;
				CLANG_WARN_OBJC_ROOT_CLASS = YES_ERROR;
				CLANG_WARN_QUOTED_INCLUDE_IN_FRAMEWORK_HEADER = YES;
				CLANG_WARN_RANGE_LOOP_ANALYSIS = YES;
				CLANG_WARN_STRICT_PROTOTYPES = YES;
				CLANG_WARN_SUSPICIOUS_MOVE = YES;
				CLANG_WARN_UNGUARDED_AVAILABILITY = YES_AGGRESSIVE;
				CLANG_WARN_UNREACHABLE_CODE = YES;
				CLANG_WARN__DUPLICATE_METHOD_MATCH = YES;
				COPY_PHASE_STRIP = NO;
				DEBUG_INFORMATION_FORMAT = dwarf;
				ENABLE_STRICT_OBJC_MSGSEND = YES;
				ENABLE_TESTABILITY = YES;
				GCC_C_LANGUAGE_STANDARD = gnu11;
				GCC_DYNAMIC_NO_PIC = NO;
				GCC_NO_COMMON_BLOCKS = YES;
				GCC_OPTIMIZATION_LEVEL = 0;
				GCC_PREPROCESSOR_DEFINITIONS = (
					"DEBUG=1",
					"$(inherited)",
				);
				GCC_WARN_64_TO_32_BIT_CONVERSION = YES;
				GCC_WARN_ABOUT_RETURN_TYPE = YES_ERROR;
				GCC_WARN_UNDECLARED_SELECTOR = YES;
				GCC_WARN_UNINITIALIZED_AUTOS = YES_AGGRESSIVE;
				GCC_WARN_UNUSED_FUNCTION = YES;
				GCC_WARN_UNUSED_VARIABLE = YES;
				IPHONEOS_DEPLOYMENT_TARGET = 14.5;
				MTL_ENABLE_DEBUG_INFO = INCLUDE_SOURCE;
				MTL_FAST_MATH = YES;
				ONLY_ACTIVE_ARCH = YES;
				SDKROOT = iphoneos;
				SWIFT_ACTIVE_COMPILATION_CONDITIONS = DEBUG;
				SWIFT_OPTIMIZATION_LEVEL = "-Onone";
			};
			name = Debug;
		};
		044F9AEF26D723AD00CE0355 /* Release */ = {
			isa = XCBuildConfiguration;
			buildSettings = {
				ALWAYS_SEARCH_USER_PATHS = NO;
				CLANG_ANALYZER_NONNULL = YES;
				CLANG_ANALYZER_NUMBER_OBJECT_CONVERSION = YES_AGGRESSIVE;
				CLANG_CXX_LANGUAGE_STANDARD = "gnu++14";
				CLANG_CXX_LIBRARY = "libc++";
				CLANG_ENABLE_MODULES = YES;
				CLANG_ENABLE_OBJC_ARC = YES;
				CLANG_ENABLE_OBJC_WEAK = YES;
				CLANG_WARN_BLOCK_CAPTURE_AUTORELEASING = YES;
				CLANG_WARN_BOOL_CONVERSION = YES;
				CLANG_WARN_COMMA = YES;
				CLANG_WARN_CONSTANT_CONVERSION = YES;
				CLANG_WARN_DEPRECATED_OBJC_IMPLEMENTATIONS = YES;
				CLANG_WARN_DIRECT_OBJC_ISA_USAGE = YES_ERROR;
				CLANG_WARN_DOCUMENTATION_COMMENTS = YES;
				CLANG_WARN_EMPTY_BODY = YES;
				CLANG_WARN_ENUM_CONVERSION = YES;
				CLANG_WARN_INFINITE_RECURSION = YES;
				CLANG_WARN_INT_CONVERSION = YES;
				CLANG_WARN_NON_LITERAL_NULL_CONVERSION = YES;
				CLANG_WARN_OBJC_IMPLICIT_RETAIN_SELF = YES;
				CLANG_WARN_OBJC_LITERAL_CONVERSION = YES;
				CLANG_WARN_OBJC_ROOT_CLASS = YES_ERROR;
				CLANG_WARN_QUOTED_INCLUDE_IN_FRAMEWORK_HEADER = YES;
				CLANG_WARN_RANGE_LOOP_ANALYSIS = YES;
				CLANG_WARN_STRICT_PROTOTYPES = YES;
				CLANG_WARN_SUSPICIOUS_MOVE = YES;
				CLANG_WARN_UNGUARDED_AVAILABILITY = YES_AGGRESSIVE;
				CLANG_WARN_UNREACHABLE_CODE = YES;
				CLANG_WARN__DUPLICATE_METHOD_MATCH = YES;
				COPY_PHASE_STRIP = NO;
				DEBUG_INFORMATION_FORMAT = "dwarf-with-dsym";
				ENABLE_NS_ASSERTIONS = NO;
				ENABLE_STRICT_OBJC_MSGSEND = YES;
				GCC_C_LANGUAGE_STANDARD = gnu11;
				GCC_NO_COMMON_BLOCKS = YES;
				GCC_WARN_64_TO_32_BIT_CONVERSION = YES;
				GCC_WARN_ABOUT_RETURN_TYPE = YES_ERROR;
				GCC_WARN_UNDECLARED_SELECTOR = YES;
				GCC_WARN_UNINITIALIZED_AUTOS = YES_AGGRESSIVE;
				GCC_WARN_UNUSED_FUNCTION = YES;
				GCC_WARN_UNUSED_VARIABLE = YES;
				IPHONEOS_DEPLOYMENT_TARGET = 14.5;
				MTL_ENABLE_DEBUG_INFO = NO;
				MTL_FAST_MATH = YES;
				SDKROOT = iphoneos;
				SWIFT_COMPILATION_MODE = wholemodule;
				SWIFT_OPTIMIZATION_LEVEL = "-O";
				VALIDATE_PRODUCT = YES;
			};
			name = Release;
		};
		044F9AF126D723AD00CE0355 /* Debug */ = {
			isa = XCBuildConfiguration;
			baseConfigurationReference = 52B30D74DFE430600A0A623E /* Pods-FirstExample.debug.xcconfig */;
			buildSettings = {
				ASSETCATALOG_COMPILER_APPICON_NAME = AppIcon;
				ASSETCATALOG_COMPILER_GLOBAL_ACCENT_COLOR_NAME = AccentColor;
				CODE_SIGN_STYLE = Automatic;
				DEVELOPMENT_TEAM = M3S52E49Y3;
				INFOPLIST_FILE = FirstExample/Info.plist;
				LD_RUNPATH_SEARCH_PATHS = (
					"$(inherited)",
					"@executable_path/Frameworks",
				);
				PRODUCT_BUNDLE_IDENTIFIER = com.FirstExample;
				PRODUCT_NAME = "$(TARGET_NAME)";
				SWIFT_VERSION = 5.0;
				TARGETED_DEVICE_FAMILY = "1,2";
			};
			name = Debug;
		};
		044F9AF226D723AD00CE0355 /* Release */ = {
			isa = XCBuildConfiguration;
			baseConfigurationReference = 62ABEA3ADA0BE600B98E4894 /* Pods-FirstExample.release.xcconfig */;
			buildSettings = {
				ASSETCATALOG_COMPILER_APPICON_NAME = AppIcon;
				ASSETCATALOG_COMPILER_GLOBAL_ACCENT_COLOR_NAME = AccentColor;
				CODE_SIGN_STYLE = Automatic;
				DEVELOPMENT_TEAM = M3S52E49Y3;
				INFOPLIST_FILE = FirstExample/Info.plist;
				LD_RUNPATH_SEARCH_PATHS = (
					"$(inherited)",
					"@executable_path/Frameworks",
				);
				PRODUCT_BUNDLE_IDENTIFIER = com.FirstExample;
				PRODUCT_NAME = "$(TARGET_NAME)";
				SWIFT_VERSION = 5.0;
				TARGETED_DEVICE_FAMILY = "1,2";
			};
			name = Release;
		};
/* End XCBuildConfiguration section */

/* Begin XCConfigurationList section */
		044F9AD726D723AA00CE0355 /* Build configuration list for PBXProject "FirstExample" */ = {
			isa = XCConfigurationList;
			buildConfigurations = (
				044F9AEE26D723AD00CE0355 /* Debug */,
				044F9AEF26D723AD00CE0355 /* Release */,
			);
			defaultConfigurationIsVisible = 0;
			defaultConfigurationName = Release;
		};
		044F9AF026D723AD00CE0355 /* Build configuration list for PBXNativeTarget "FirstExample" */ = {
			isa = XCConfigurationList;
			buildConfigurations = (
				044F9AF126D723AD00CE0355 /* Debug */,
				044F9AF226D723AD00CE0355 /* Release */,
			);
			defaultConfigurationIsVisible = 0;
			defaultConfigurationName = Release;
		};
/* End XCConfigurationList section */
	};
	rootObject = 044F9AD426D723AA00CE0355 /* Project object */;
}
